
Microsoft Visual Studio Solution File, Format Version 12.00
# Visual Studio Version 17
VisualStudioVersion = 17.5.002.0
MinimumVisualStudioVersion = 10.0.40219.1
Project("{9A19103F-16F7-4668-BE54-9A1E7A4F7556}") = "01_HelloWorld", "01_HelloWorld.csproj", "{2FA9A1D1-3DE8-436D-91ED-9AD74E87098C}"
EndProject
Global
	GlobalSection(SolutionConfigurationPlatforms) = preSolution
		Debug|Any CPU = Debug|Any CPU
		Release|Any CPU = Release|Any CPU
	EndGlobalSection
	GlobalSection(ProjectConfigurationPlatforms) = postSolution
		{2FA9A1D1-3DE8-436D-91ED-9AD74E87098C}.Debug|Any CPU.ActiveCfg = Debug|Any CPU
		{2FA9A1D1-3DE8-436D-91ED-9AD74E87098C}.Debug|Any CPU.Build.0 = Debug|Any CPU
		{2FA9A1D1-3DE8-436D-91ED-9AD74E87098C}.Release|Any CPU.ActiveCfg = Release|Any CPU
		{2FA9A1D1-3DE8-436D-91ED-9AD74E87098C}.Release|Any CPU.Build.0 = Release|Any CPU
	EndGlobalSection
	GlobalSection(SolutionProperties) = preSolution
		HideSolutionNode = FALSE
	EndGlobalSection
	GlobalSection(ExtensibilityGlobals) = postSolution
		SolutionGuid = {2D3905D8-3350-43FA-89D3-F2E115861CB8}
	EndGlobalSection
EndGlobal
